
Microsoft Visual Studio Solution File, Format Version 12.00
# Visual Studio 15
VisualStudioVersion = 15.0.27130.2010
MinimumVisualStudioVersion = 10.0.40219.1
Project("{FAE04EC0-301F-11D3-BF4B-00C04F79EFBC}") = "App1.Android", "App1\App1.Android\App1.Android.csproj", "{2DFC8ABD-6140-4A31-A811-1B41219F12FC}"
EndProject
Project("{D954291E-2A0B-460D-934E-DC6B0785DB48}") = "App1", "App1\App1\App1.shproj", "{435CFFF1-83F9-430D-90CE-8DE2E6E3261C}"
EndProject
Global
	GlobalSection(SharedMSBuildProjectFiles) = preSolution
		App1\App1\App1.projitems*{2dfc8abd-6140-4a31-a811-1b41219f12fc}*SharedItemsImports = 4
		App1\App1\App1.projitems*{435cfff1-83f9-430d-90ce-8de2e6e3261c}*SharedItemsImports = 13
	EndGlobalSection
	GlobalSection(SolutionConfigurationPlatforms) = preSolution
		Debug|Any CPU = Debug|Any CPU
		Release|Any CPU = Release|Any CPU
	EndGlobalSection
	GlobalSection(ProjectConfigurationPlatforms) = postSolution
		{2DFC8ABD-6140-4A31-A811-1B41219F12FC}.Debug|Any CPU.ActiveCfg = Debug|Any CPU
		{2DFC8ABD-6140-4A31-A811-1B41219F12FC}.Debug|Any CPU.Build.0 = Debug|Any CPU
		{2DFC8ABD-6140-4A31-A811-1B41219F12FC}.Debug|Any CPU.Deploy.0 = Debug|Any CPU
		{2DFC8ABD-6140-4A31-A811-1B41219F12FC}.Release|Any CPU.ActiveCfg = Release|Any CPU
		{2DFC8ABD-6140-4A31-A811-1B41219F12FC}.Release|Any CPU.Build.0 = Release|Any CPU
		{2DFC8ABD-6140-4A31-A811-1B41219F12FC}.Release|Any CPU.Deploy.0 = Release|Any CPU
	EndGlobalSection
	GlobalSection(SolutionProperties) = preSolution
		HideSolutionNode = FALSE
	EndGlobalSection
	GlobalSection(ExtensibilityGlobals) = postSolution
		SolutionGuid = {78B18239-9240-4FB1-AFA8-B72E519C1297}
	EndGlobalSection
EndGlobal
